// !$*UTF8*$!
{
	archiveVersion = 1;
	classes = {
	};
	objectVersion = 56;
	objects = {

/* Begin PBXBuildFile section */
		7961E6FB2BC01DA7009E4589 /* AppDelegate.swift in Sources */ = {isa = PBXBuildFile; fileRef = 7961E6FA2BC01DA7009E4589 /* AppDelegate.swift */; };
		7961E6FD2BC01DA7009E4589 /* SceneDelegate.swift in Sources */ = {isa = PBXBuildFile; fileRef = 7961E6FC2BC01DA7009E4589 /* SceneDelegate.swift */; };
		7961E7022BC01DA7009E4589 /* Base in Resources */ = {isa = PBXBuildFile; fileRef = 7961E7012BC01DA7009E4589 /* Base */; };
		7961E7042BC01DA9009E4589 /* Assets.xcassets in Resources */ = {isa = PBXBuildFile; fileRef = 7961E7032BC01DA9009E4589 /* Assets.xcassets */; };
		7961E7072BC01DA9009E4589 /* Base in Resources */ = {isa = PBXBuildFile; fileRef = 7961E7062BC01DA9009E4589 /* Base */; };
		7961E70F2BC01E14009E4589 /* SearchViewController.swift in Sources */ = {isa = PBXBuildFile; fileRef = 7961E70E2BC01E14009E4589 /* SearchViewController.swift */; };
		7961E7152BC01EA2009E4589 /* CommonViewControllerProtocol.swift in Sources */ = {isa = PBXBuildFile; fileRef = 7961E7122BC01EA2009E4589 /* CommonViewControllerProtocol.swift */; };
		7961E7162BC01EA2009E4589 /* CommonViewModelProtocol.swift in Sources */ = {isa = PBXBuildFile; fileRef = 7961E7132BC01EA2009E4589 /* CommonViewModelProtocol.swift */; };
		7961E7192BC01EBD009E4589 /* SnapKit in Frameworks */ = {isa = PBXBuildFile; productRef = 7961E7182BC01EBD009E4589 /* SnapKit */; };
		7961E71C2BC01ED5009E4589 /* RxCocoa in Frameworks */ = {isa = PBXBuildFile; productRef = 7961E71B2BC01ED5009E4589 /* RxCocoa */; };
		7961E71E2BC01ED5009E4589 /* RxSwift in Frameworks */ = {isa = PBXBuildFile; productRef = 7961E71D2BC01ED5009E4589 /* RxSwift */; };
		7961E7212BC01EF1009E4589 /* SearchViewModel.swift in Sources */ = {isa = PBXBuildFile; fileRef = 7961E7202BC01EF1009E4589 /* SearchViewModel.swift */; };
		7961E7242BC0232B009E4589 /* StoreNetwork.swift in Sources */ = {isa = PBXBuildFile; fileRef = 7961E7232BC0232B009E4589 /* StoreNetwork.swift */; };
		7961E7262BC0235B009E4589 /* Software.swift in Sources */ = {isa = PBXBuildFile; fileRef = 7961E7252BC0235B009E4589 /* Software.swift */; };
		7961E7282BC0269C009E4589 /* SearchTableViewCell.swift in Sources */ = {isa = PBXBuildFile; fileRef = 7961E7272BC0269C009E4589 /* SearchTableViewCell.swift */; };
		7961E72B2BC026E9009E4589 /* NavigationView.swift in Sources */ = {isa = PBXBuildFile; fileRef = 7961E72A2BC026E9009E4589 /* NavigationView.swift */; };
/* End PBXBuildFile section */

/* Begin PBXFileReference section */
		7961E6F72BC01DA7009E4589 /* SoftwareStore.app */ = {isa = PBXFileReference; explicitFileType = wrapper.application; includeInIndex = 0; path = SoftwareStore.app; sourceTree = BUILT_PRODUCTS_DIR; };
		7961E6FA2BC01DA7009E4589 /* AppDelegate.swift */ = {isa = PBXFileReference; lastKnownFileType = sourcecode.swift; path = AppDelegate.swift; sourceTree = "<group>"; };
		7961E6FC2BC01DA7009E4589 /* SceneDelegate.swift */ = {isa = PBXFileReference; lastKnownFileType = sourcecode.swift; path = SceneDelegate.swift; sourceTree = "<group>"; };
		7961E7012BC01DA7009E4589 /* Base */ = {isa = PBXFileReference; lastKnownFileType = file.storyboard; name = Base; path = Base.lproj/Main.storyboard; sourceTree = "<group>"; };
		7961E7032BC01DA9009E4589 /* Assets.xcassets */ = {isa = PBXFileReference; lastKnownFileType = folder.assetcatalog; path = Assets.xcassets; sourceTree = "<group>"; };
		7961E7062BC01DA9009E4589 /* Base */ = {isa = PBXFileReference; lastKnownFileType = file.storyboard; name = Base; path = Base.lproj/LaunchScreen.storyboard; sourceTree = "<group>"; };
		7961E7082BC01DA9009E4589 /* Info.plist */ = {isa = PBXFileReference; lastKnownFileType = text.plist.xml; path = Info.plist; sourceTree = "<group>"; };
		7961E70E2BC01E14009E4589 /* SearchViewController.swift */ = {isa = PBXFileReference; lastKnownFileType = sourcecode.swift; path = SearchViewController.swift; sourceTree = "<group>"; };
		7961E7122BC01EA2009E4589 /* CommonViewControllerProtocol.swift */ = {isa = PBXFileReference; fileEncoding = 4; lastKnownFileType = sourcecode.swift; path = CommonViewControllerProtocol.swift; sourceTree = "<group>"; };
		7961E7132BC01EA2009E4589 /* CommonViewModelProtocol.swift */ = {isa = PBXFileReference; fileEncoding = 4; lastKnownFileType = sourcecode.swift; path = CommonViewModelProtocol.swift; sourceTree = "<group>"; };
		7961E7202BC01EF1009E4589 /* SearchViewModel.swift */ = {isa = PBXFileReference; lastKnownFileType = sourcecode.swift; path = SearchViewModel.swift; sourceTree = "<group>"; };
		7961E7232BC0232B009E4589 /* StoreNetwork.swift */ = {isa = PBXFileReference; lastKnownFileType = sourcecode.swift; path = StoreNetwork.swift; sourceTree = "<group>"; };
		7961E7252BC0235B009E4589 /* Software.swift */ = {isa = PBXFileReference; lastKnownFileType = sourcecode.swift; path = Software.swift; sourceTree = "<group>"; };
		7961E7272BC0269C009E4589 /* SearchTableViewCell.swift */ = {isa = PBXFileReference; lastKnownFileType = sourcecode.swift; path = SearchTableViewCell.swift; sourceTree = "<group>"; };
		7961E72A2BC026E9009E4589 /* NavigationView.swift */ = {isa = PBXFileReference; lastKnownFileType = sourcecode.swift; path = NavigationView.swift; sourceTree = "<group>"; };
/* End PBXFileReference section */

/* Begin PBXFrameworksBuildPhase section */
		7961E6F42BC01DA7009E4589 /* Frameworks */ = {
			isa = PBXFrameworksBuildPhase;
			buildActionMask = 2147483647;
			files = (
				7961E71E2BC01ED5009E4589 /* RxSwift in Frameworks */,
				7961E71C2BC01ED5009E4589 /* RxCocoa in Frameworks */,
				7961E7192BC01EBD009E4589 /* SnapKit in Frameworks */,
			);
			runOnlyForDeploymentPostprocessing = 0;
		};
/* End PBXFrameworksBuildPhase section */

/* Begin PBXGroup section */
		7961E6EE2BC01DA7009E4589 = {
			isa = PBXGroup;
			children = (
				7961E6F92BC01DA7009E4589 /* SoftwareStore */,
				7961E6F82BC01DA7009E4589 /* Products */,
			);
			sourceTree = "<group>";
		};
		7961E6F82BC01DA7009E4589 /* Products */ = {
			isa = PBXGroup;
			children = (
				7961E6F72BC01DA7009E4589 /* SoftwareStore.app */,
			);
			name = Products;
			sourceTree = "<group>";
		};
		7961E6F92BC01DA7009E4589 /* SoftwareStore */ = {
			isa = PBXGroup;
			children = (
				7961E6FA2BC01DA7009E4589 /* AppDelegate.swift */,
				7961E6FC2BC01DA7009E4589 /* SceneDelegate.swift */,
				7961E7292BC026DB009E4589 /* CustomView */,
				7961E71F2BC01EE1009E4589 /* Search */,
				7961E7142BC01EA2009E4589 /* Protocol */,
				7961E7222BC02314009E4589 /* Network */,
				7961E7002BC01DA7009E4589 /* Main.storyboard */,
				7961E7032BC01DA9009E4589 /* Assets.xcassets */,
				7961E7052BC01DA9009E4589 /* LaunchScreen.storyboard */,
				7961E7082BC01DA9009E4589 /* Info.plist */,
			);
			path = SoftwareStore;
			sourceTree = "<group>";
		};
		7961E7142BC01EA2009E4589 /* Protocol */ = {
			isa = PBXGroup;
			children = (
				7961E7122BC01EA2009E4589 /* CommonViewControllerProtocol.swift */,
				7961E7132BC01EA2009E4589 /* CommonViewModelProtocol.swift */,
			);
			path = Protocol;
			sourceTree = "<group>";
		};
		7961E71F2BC01EE1009E4589 /* Search */ = {
			isa = PBXGroup;
			children = (
				7961E70E2BC01E14009E4589 /* SearchViewController.swift */,
				7961E7202BC01EF1009E4589 /* SearchViewModel.swift */,
				7961E7272BC0269C009E4589 /* SearchTableViewCell.swift */,
			);
			path = Search;
			sourceTree = "<group>";
		};
		7961E7222BC02314009E4589 /* Network */ = {
			isa = PBXGroup;
			children = (
				7961E7232BC0232B009E4589 /* StoreNetwork.swift */,
				7961E7252BC0235B009E4589 /* Software.swift */,
			);
			path = Network;
			sourceTree = "<group>";
		};
		7961E7292BC026DB009E4589 /* CustomView */ = {
			isa = PBXGroup;
			children = (
				7961E72A2BC026E9009E4589 /* NavigationView.swift */,
			);
			path = CustomView;
			sourceTree = "<group>";
		};
/* End PBXGroup section */

/* Begin PBXNativeTarget section */
		7961E6F62BC01DA7009E4589 /* SoftwareStore */ = {
			isa = PBXNativeTarget;
			buildConfigurationList = 7961E70B2BC01DA9009E4589 /* Build configuration list for PBXNativeTarget "SoftwareStore" */;
			buildPhases = (
				7961E6F32BC01DA7009E4589 /* Sources */,
				7961E6F42BC01DA7009E4589 /* Frameworks */,
				7961E6F52BC01DA7009E4589 /* Resources */,
			);
			buildRules = (
			);
			dependencies = (
			);
			name = SoftwareStore;
			packageProductDependencies = (
				7961E7182BC01EBD009E4589 /* SnapKit */,
				7961E71B2BC01ED5009E4589 /* RxCocoa */,
				7961E71D2BC01ED5009E4589 /* RxSwift */,
			);
			productName = SoftwareStore;
			productReference = 7961E6F72BC01DA7009E4589 /* SoftwareStore.app */;
			productType = "com.apple.product-type.application";
		};
/* End PBXNativeTarget section */

/* Begin PBXProject section */
		7961E6EF2BC01DA7009E4589 /* Project object */ = {
			isa = PBXProject;
			attributes = {
				BuildIndependentTargetsInParallel = 1;
				LastSwiftUpdateCheck = 1530;
				LastUpgradeCheck = 1530;
				TargetAttributes = {
					7961E6F62BC01DA7009E4589 = {
						CreatedOnToolsVersion = 15.3;
					};
				};
			};
			buildConfigurationList = 7961E6F22BC01DA7009E4589 /* Build configuration list for PBXProject "SoftwareStore" */;
			compatibilityVersion = "Xcode 14.0";
			developmentRegion = en;
			hasScannedForEncodings = 0;
			knownRegions = (
				en,
				Base,
			);
			mainGroup = 7961E6EE2BC01DA7009E4589;
			packageReferences = (
				7961E7172BC01EBD009E4589 /* XCRemoteSwiftPackageReference "SnapKit" */,
				7961E71A2BC01ED5009E4589 /* XCRemoteSwiftPackageReference "RxSwift" */,
			);
			productRefGroup = 7961E6F82BC01DA7009E4589 /* Products */;
			projectDirPath = "";
			projectRoot = "";
			targets = (
				7961E6F62BC01DA7009E4589 /* SoftwareStore */,
			);
		};
/* End PBXProject section */

/* Begin PBXResourcesBuildPhase section */
		7961E6F52BC01DA7009E4589 /* Resources */ = {
			isa = PBXResourcesBuildPhase;
			buildActionMask = 2147483647;
			files = (
				7961E7042BC01DA9009E4589 /* Assets.xcassets in Resources */,
				7961E7072BC01DA9009E4589 /* Base in Resources */,
				7961E7022BC01DA7009E4589 /* Base in Resources */,
			);
			runOnlyForDeploymentPostprocessing = 0;
		};
/* End PBXResourcesBuildPhase section */

/* Begin PBXSourcesBuildPhase section */
		7961E6F32BC01DA7009E4589 /* Sources */ = {
			isa = PBXSourcesBuildPhase;
			buildActionMask = 2147483647;
			files = (
				7961E7282BC0269C009E4589 /* SearchTableViewCell.swift in Sources */,
				7961E7212BC01EF1009E4589 /* SearchViewModel.swift in Sources */,
				7961E72B2BC026E9009E4589 /* NavigationView.swift in Sources */,
				7961E6FB2BC01DA7009E4589 /* AppDelegate.swift in Sources */,
				7961E7162BC01EA2009E4589 /* CommonViewModelProtocol.swift in Sources */,
				7961E7152BC01EA2009E4589 /* CommonViewControllerProtocol.swift in Sources */,
				7961E7262BC0235B009E4589 /* Software.swift in Sources */,
				7961E70F2BC01E14009E4589 /* SearchViewController.swift in Sources */,
				7961E6FD2BC01DA7009E4589 /* SceneDelegate.swift in Sources */,
				7961E7242BC0232B009E4589 /* StoreNetwork.swift in Sources */,
			);
			runOnlyForDeploymentPostprocessing = 0;
		};
/* End PBXSourcesBuildPhase section */

/* Begin PBXVariantGroup section */
		7961E7002BC01DA7009E4589 /* Main.storyboard */ = {
			isa = PBXVariantGroup;
			children = (
				7961E7012BC01DA7009E4589 /* Base */,
			);
			name = Main.storyboard;
			sourceTree = "<group>";
		};
		7961E7052BC01DA9009E4589 /* LaunchScreen.storyboard */ = {
			isa = PBXVariantGroup;
			children = (
				7961E7062BC01DA9009E4589 /* Base */,
			);
			name = LaunchScreen.storyboard;
			sourceTree = "<group>";
		};
/* End PBXVariantGroup section */

/* Begin XCBuildConfiguration section */
		7961E7092BC01DA9009E4589 /* Debug */ = {
			isa = XCBuildConfiguration;
			buildSettings = {
				ALWAYS_SEARCH_USER_PATHS = NO;
				ASSETCATALOG_COMPILER_GENERATE_SWIFT_ASSET_SYMBOL_EXTENSIONS = YES;
				CLANG_ANALYZER_NONNULL = YES;
				CLANG_ANALYZER_NUMBER_OBJECT_CONVERSION = YES_AGGRESSIVE;
				CLANG_CXX_LANGUAGE_STANDARD = "gnu++20";
				CLANG_ENABLE_MODULES = YES;
				CLANG_ENABLE_OBJC_ARC = YES;
				CLANG_ENABLE_OBJC_WEAK = YES;
				CLANG_WARN_BLOCK_CAPTURE_AUTORELEASING = YES;
				CLANG_WARN_BOOL_CONVERSION = YES;
				CLANG_WARN_COMMA = YES;
				CLANG_WARN_CONSTANT_CONVERSION = YES;
				CLANG_WARN_DEPRECATED_OBJC_IMPLEMENTATIONS = YES;
				CLANG_WARN_DIRECT_OBJC_ISA_USAGE = YES_ERROR;
				CLANG_WARN_DOCUMENTATION_COMMENTS = YES;
				CLANG_WARN_EMPTY_BODY = YES;
				CLANG_WARN_ENUM_CONVERSION = YES;
				CLANG_WARN_INFINITE_RECURSION = YES;
				CLANG_WARN_INT_CONVERSION = YES;
				CLANG_WARN_NON_LITERAL_NULL_CONVERSION = YES;
				CLANG_WARN_OBJC_IMPLICIT_RETAIN_SELF = YES;
				CLANG_WARN_OBJC_LITERAL_CONVERSION = YES;
				CLANG_WARN_OBJC_ROOT_CLASS = YES_ERROR;
				CLANG_WARN_QUOTED_INCLUDE_IN_FRAMEWORK_HEADER = YES;
				CLANG_WARN_RANGE_LOOP_ANALYSIS = YES;
				CLANG_WARN_STRICT_PROTOTYPES = YES;
				CLANG_WARN_SUSPICIOUS_MOVE = YES;
				CLANG_WARN_UNGUARDED_AVAILABILITY = YES_AGGRESSIVE;
				CLANG_WARN_UNREACHABLE_CODE = YES;
				CLANG_WARN__DUPLICATE_METHOD_MATCH = YES;
				COPY_PHASE_STRIP = NO;
				DEBUG_INFORMATION_FORMAT = dwarf;
				ENABLE_STRICT_OBJC_MSGSEND = YES;
				ENABLE_TESTABILITY = YES;
				ENABLE_USER_SCRIPT_SANDBOXING = YES;
				GCC_C_LANGUAGE_STANDARD = gnu17;
				GCC_DYNAMIC_NO_PIC = NO;
				GCC_NO_COMMON_BLOCKS = YES;
				GCC_OPTIMIZATION_LEVEL = 0;
				GCC_PREPROCESSOR_DEFINITIONS = (
					"DEBUG=1",
					"$(inherited)",
				);
				GCC_WARN_64_TO_32_BIT_CONVERSION = YES;
				GCC_WARN_ABOUT_RETURN_TYPE = YES_ERROR;
				GCC_WARN_UNDECLARED_SELECTOR = YES;
				GCC_WARN_UNINITIALIZED_AUTOS = YES_AGGRESSIVE;
				GCC_WARN_UNUSED_FUNCTION = YES;
				GCC_WARN_UNUSED_VARIABLE = YES;
				IPHONEOS_DEPLOYMENT_TARGET = 17.4;
				LOCALIZATION_PREFERS_STRING_CATALOGS = YES;
				MTL_ENABLE_DEBUG_INFO = INCLUDE_SOURCE;
				MTL_FAST_MATH = YES;
				ONLY_ACTIVE_ARCH = YES;
				SDKROOT = iphoneos;
				SWIFT_ACTIVE_COMPILATION_CONDITIONS = "DEBUG $(inherited)";
				SWIFT_OPTIMIZATION_LEVEL = "-Onone";
			};
			name = Debug;
		};
		7961E70A2BC01DA9009E4589 /* Release */ = {
			isa = XCBuildConfiguration;
			buildSettings = {
				ALWAYS_SEARCH_USER_PATHS = NO;
				ASSETCATALOG_COMPILER_GENERATE_SWIFT_ASSET_SYMBOL_EXTENSIONS = YES;
				CLANG_ANALYZER_NONNULL = YES;
				CLANG_ANALYZER_NUMBER_OBJECT_CONVERSION = YES_AGGRESSIVE;
				CLANG_CXX_LANGUAGE_STANDARD = "gnu++20";
				CLANG_ENABLE_MODULES = YES;
				CLANG_ENABLE_OBJC_ARC = YES;
				CLANG_ENABLE_OBJC_WEAK = YES;
				CLANG_WARN_BLOCK_CAPTURE_AUTORELEASING = YES;
				CLANG_WARN_BOOL_CONVERSION = YES;
				CLANG_WARN_COMMA = YES;
				CLANG_WARN_CONSTANT_CONVERSION = YES;
				CLANG_WARN_DEPRECATED_OBJC_IMPLEMENTATIONS = YES;
				CLANG_WARN_DIRECT_OBJC_ISA_USAGE = YES_ERROR;
				CLANG_WARN_DOCUMENTATION_COMMENTS = YES;
				CLANG_WARN_EMPTY_BODY = YES;
				CLANG_WARN_ENUM_CONVERSION = YES;
				CLANG_WARN_INFINITE_RECURSION = YES;
				CLANG_WARN_INT_CONVERSION = YES;
				CLANG_WARN_NON_LITERAL_NULL_CONVERSION = YES;
				CLANG_WARN_OBJC_IMPLICIT_RETAIN_SELF = YES;
				CLANG_WARN_OBJC_LITERAL_CONVERSION = YES;
				CLANG_WARN_OBJC_ROOT_CLASS = YES_ERROR;
				CLANG_WARN_QUOTED_INCLUDE_IN_FRAMEWORK_HEADER = YES;
				CLANG_WARN_RANGE_LOOP_ANALYSIS = YES;
				CLANG_WARN_STRICT_PROTOTYPES = YES;
				CLANG_WARN_SUSPICIOUS_MOVE = YES;
				CLANG_WARN_UNGUARDED_AVAILABILITY = YES_AGGRESSIVE;
				CLANG_WARN_UNREACHABLE_CODE = YES;
				CLANG_WARN__DUPLICATE_METHOD_MATCH = YES;
				COPY_PHASE_STRIP = NO;
				DEBUG_INFORMATION_FORMAT = "dwarf-with-dsym";
				ENABLE_NS_ASSERTIONS = NO;
				ENABLE_STRICT_OBJC_MSGSEND = YES;
				ENABLE_USER_SCRIPT_SANDBOXING = YES;
				GCC_C_LANGUAGE_STANDARD = gnu17;
				GCC_NO_COMMON_BLOCKS = YES;
				GCC_WARN_64_TO_32_BIT_CONVERSION = YES;
				GCC_WARN_ABOUT_RETURN_TYPE = YES_ERROR;
				GCC_WARN_UNDECLARED_SELECTOR = YES;
				GCC_WARN_UNINITIALIZED_AUTOS = YES_AGGRESSIVE;
				GCC_WARN_UNUSED_FUNCTION = YES;
				GCC_WARN_UNUSED_VARIABLE = YES;
				IPHONEOS_DEPLOYMENT_TARGET = 17.4;
				LOCALIZATION_PREFERS_STRING_CATALOGS = YES;
				MTL_ENABLE_DEBUG_INFO = NO;
				MTL_FAST_MATH = YES;
				SDKROOT = iphoneos;
				SWIFT_COMPILATION_MODE = wholemodule;
				VALIDATE_PRODUCT = YES;
			};
			name = Release;
		};
		7961E70C2BC01DA9009E4589 /* Debug */ = {
			isa = XCBuildConfiguration;
			buildSettings = {
				ASSETCATALOG_COMPILER_APPICON_NAME = AppIcon;
				ASSETCATALOG_COMPILER_GLOBAL_ACCENT_COLOR_NAME = AccentColor;
				CODE_SIGN_STYLE = Automatic;
				CURRENT_PROJECT_VERSION = 1;
				DEVELOPMENT_TEAM = FQNUU3X32C;
				GENERATE_INFOPLIST_FILE = YES;
				INFOPLIST_FILE = SoftwareStore/Info.plist;
				INFOPLIST_KEY_UIApplicationSupportsIndirectInputEvents = YES;
				INFOPLIST_KEY_UILaunchStoryboardName = LaunchScreen;
				INFOPLIST_KEY_UIMainStoryboardFile = Main;
				INFOPLIST_KEY_UISupportedInterfaceOrientations_iPad = "UIInterfaceOrientationPortrait UIInterfaceOrientationPortraitUpsideDown UIInterfaceOrientationLandscapeLeft UIInterfaceOrientationLandscapeRight";
				INFOPLIST_KEY_UISupportedInterfaceOrientations_iPhone = "UIInterfaceOrientationPortrait UIInterfaceOrientationLandscapeLeft UIInterfaceOrientationLandscapeRight";
				LD_RUNPATH_SEARCH_PATHS = (
					"$(inherited)",
					"@executable_path/Frameworks",
				);
				MARKETING_VERSION = 1.0;
				PRODUCT_BUNDLE_IDENTIFIER = com.chasomin.SoftwareStore;
				PRODUCT_NAME = "$(TARGET_NAME)";
				SWIFT_EMIT_LOC_STRINGS = YES;
				SWIFT_VERSION = 5.0;
				TARGETED_DEVICE_FAMILY = "1,2";
			};
			name = Debug;
		};
		7961E70D2BC01DA9009E4589 /* Release */ = {
			isa = XCBuildConfiguration;
			buildSettings = {
				ASSETCATALOG_COMPILER_APPICON_NAME = AppIcon;
				ASSETCATALOG_COMPILER_GLOBAL_ACCENT_COLOR_NAME = AccentColor;
				CODE_SIGN_STYLE = Automatic;
				CURRENT_PROJECT_VERSION = 1;
				DEVELOPMENT_TEAM = FQNUU3X32C;
				GENERATE_INFOPLIST_FILE = YES;
				INFOPLIST_FILE = SoftwareStore/Info.plist;
				INFOPLIST_KEY_UIApplicationSupportsIndirectInputEvents = YES;
				INFOPLIST_KEY_UILaunchStoryboardName = LaunchScreen;
				INFOPLIST_KEY_UIMainStoryboardFile = Main;
				INFOPLIST_KEY_UISupportedInterfaceOrientations_iPad = "UIInterfaceOrientationPortrait UIInterfaceOrientationPortraitUpsideDown UIInterfaceOrientationLandscapeLeft UIInterfaceOrientationLandscapeRight";
				INFOPLIST_KEY_UISupportedInterfaceOrientations_iPhone = "UIInterfaceOrientationPortrait UIInterfaceOrientationLandscapeLeft UIInterfaceOrientationLandscapeRight";
				LD_RUNPATH_SEARCH_PATHS = (
					"$(inherited)",
					"@executable_path/Frameworks",
				);
				MARKETING_VERSION = 1.0;
				PRODUCT_BUNDLE_IDENTIFIER = com.chasomin.SoftwareStore;
				PRODUCT_NAME = "$(TARGET_NAME)";
				SWIFT_EMIT_LOC_STRINGS = YES;
				SWIFT_VERSION = 5.0;
				TARGETED_DEVICE_FAMILY = "1,2";
			};
			name = Release;
		};
/* End XCBuildConfiguration section */

/* Begin XCConfigurationList section */
		7961E6F22BC01DA7009E4589 /* Build configuration list for PBXProject "SoftwareStore" */ = {
			isa = XCConfigurationList;
			buildConfigurations = (
				7961E7092BC01DA9009E4589 /* Debug */,
				7961E70A2BC01DA9009E4589 /* Release */,
			);
			defaultConfigurationIsVisible = 0;
			defaultConfigurationName = Release;
		};
		7961E70B2BC01DA9009E4589 /* Build configuration list for PBXNativeTarget "SoftwareStore" */ = {
			isa = XCConfigurationList;
			buildConfigurations = (
				7961E70C2BC01DA9009E4589 /* Debug */,
				7961E70D2BC01DA9009E4589 /* Release */,
			);
			defaultConfigurationIsVisible = 0;
			defaultConfigurationName = Release;
		};
/* End XCConfigurationList section */

/* Begin XCRemoteSwiftPackageReference section */
		7961E7172BC01EBD009E4589 /* XCRemoteSwiftPackageReference "SnapKit" */ = {
			isa = XCRemoteSwiftPackageReference;
			repositoryURL = "https://github.com/SnapKit/SnapKit";
			requirement = {
				kind = upToNextMajorVersion;
				minimumVersion = 5.7.1;
			};
		};
		7961E71A2BC01ED5009E4589 /* XCRemoteSwiftPackageReference "RxSwift" */ = {
			isa = XCRemoteSwiftPackageReference;
			repositoryURL = "https://github.com/ReactiveX/RxSwift.git";
			requirement = {
				kind = upToNextMajorVersion;
				minimumVersion = 6.6.0;
			};
		};
/* End XCRemoteSwiftPackageReference section */

/* Begin XCSwiftPackageProductDependency section */
		7961E7182BC01EBD009E4589 /* SnapKit */ = {
			isa = XCSwiftPackageProductDependency;
			package = 7961E7172BC01EBD009E4589 /* XCRemoteSwiftPackageReference "SnapKit" */;
			productName = SnapKit;
		};
		7961E71B2BC01ED5009E4589 /* RxCocoa */ = {
			isa = XCSwiftPackageProductDependency;
			package = 7961E71A2BC01ED5009E4589 /* XCRemoteSwiftPackageReference "RxSwift" */;
			productName = RxCocoa;
		};
		7961E71D2BC01ED5009E4589 /* RxSwift */ = {
			isa = XCSwiftPackageProductDependency;
			package = 7961E71A2BC01ED5009E4589 /* XCRemoteSwiftPackageReference "RxSwift" */;
			productName = RxSwift;
		};
/* End XCSwiftPackageProductDependency section */
	};
	rootObject = 7961E6EF2BC01DA7009E4589 /* Project object */;
}
